
Microsoft Visual Studio Solution File, Format Version 12.00
# Visual Studio Version 17
VisualStudioVersion = 17.0.31903.59
MinimumVisualStudioVersion = 10.0.40219.1
Project("{2150E333-8FDC-42A3-9474-1A3956D46DE8}") = "src", "src", "{827E0CD3-B72D-47B6-A68D-7590B98EB39B}"
EndProject
Project("{2150E333-8FDC-42A3-9474-1A3956D46DE8}") = "tests", "tests", "{AF6CF7F7-5512-4BB4-AF42-7A2F31A95138}"
EndProject
Project("{FAE04EC0-301F-11D3-BF4B-00C04F79EFBC}") = "DoraNode", "src\DoraNode\DoraNode.csproj", "{E76FF982-84CF-430C-8427-EDAD5E51B287}"
EndProject
Project("{FAE04EC0-301F-11D3-BF4B-00C04F79EFBC}") = "DoraOperator", "src\DoraOperator\DoraOperator.csproj", "{53570982-CD93-4FD2-86C5-0130018D341E}"
EndProject
Project("{FAE04EC0-301F-11D3-BF4B-00C04F79EFBC}") = "DoraOperator.RegressionRunner", "tests\DoraOperator.RegressionRunner\DoraOperator.RegressionRunner.csproj", "{7F7D7F2D-8E18-4A2B-9D11-0F874A0C3E3B}"
EndProject
Project("{FAE04EC0-301F-11D3-BF4B-00C04F79EFBC}") = "DoraNode.RegressionRunner", "tests\DoraNode.RegressionRunner\DoraNode.RegressionRunner.csproj", "{1A2AA94A-DAA0-4ABF-9B75-5E7C9959C6D1}"
EndProject
Project("{2150E333-8FDC-42A3-9474-1A3956D46DE8}") = "samples", "samples", "{5D20AA90-6969-D8BD-9DCD-8634F4692FDA}"
EndProject
Project("{2150E333-8FDC-42A3-9474-1A3956D46DE8}") = "csharp-advanced-arrow-node-dataflow", "csharp-advanced-arrow-node-dataflow", "{DBE252AB-8405-1AF9-5852-C019C22B8525}"
EndProject
Project("{FAE04EC0-301F-11D3-BF4B-00C04F79EFBC}") = "Consumer", "samples\csharp-advanced-arrow-node-dataflow\Consumer.csproj", "{9AC79DEE-8DE7-4BEE-A3E1-334205BFB007}"
EndProject
Project("{FAE04EC0-301F-11D3-BF4B-00C04F79EFBC}") = "Producer", "samples\csharp-advanced-arrow-node-dataflow\Producer.csproj", "{C685F0E8-4CDA-4F95-9DE3-BF823F2275CA}"
EndProject
Project("{2150E333-8FDC-42A3-9474-1A3956D46DE8}") = "csharp-arrow-node-dataflow", "csharp-arrow-node-dataflow", "{D6A54A12-692F-2F88-BFDC-4A00FEA325E1}"
EndProject
Project("{FAE04EC0-301F-11D3-BF4B-00C04F79EFBC}") = "Consumer", "samples\csharp-arrow-node-dataflow\Consumer.csproj", "{6CB9CAC2-DBB5-406F-992D-F2E3721FB834}"
EndProject
Project("{FAE04EC0-301F-11D3-BF4B-00C04F79EFBC}") = "Producer", "samples\csharp-arrow-node-dataflow\Producer.csproj", "{41056C30-C002-44E2-8F92-38F84A31425E}"
EndProject
Project("{2150E333-8FDC-42A3-9474-1A3956D46DE8}") = "csharp-async-node-dataflow", "csharp-async-node-dataflow", "{5D6F1CC8-FA4E-652B-FEE4-385B31D084F9}"
EndProject
Project("{FAE04EC0-301F-11D3-BF4B-00C04F79EFBC}") = "Consumer", "samples\csharp-async-node-dataflow\Consumer.csproj", "{E5A9BF87-7ABA-419B-8EDF-B1231139C2AB}"
EndProject
Project("{FAE04EC0-301F-11D3-BF4B-00C04F79EFBC}") = "Producer", "samples\csharp-async-node-dataflow\Producer.csproj", "{428B394B-116A-4E4F-897A-56DEC243D3F9}"
EndProject
Project("{2150E333-8FDC-42A3-9474-1A3956D46DE8}") = "csharp-complex-arrow-contract-node-dataflow", "csharp-complex-arrow-contract-node-dataflow", "{31BD24BA-2BEF-A4AF-7E20-224CF6F70C3F}"
EndProject
Project("{FAE04EC0-301F-11D3-BF4B-00C04F79EFBC}") = "Consumer", "samples\csharp-complex-arrow-contract-node-dataflow\Consumer.csproj", "{0543AC55-6C8A-46A2-9E86-D3080580AD96}"
EndProject
Project("{FAE04EC0-301F-11D3-BF4B-00C04F79EFBC}") = "Producer", "samples\csharp-complex-arrow-contract-node-dataflow\Producer.csproj", "{7D5568A6-5DAB-49F9-A831-C8858DAC847B}"
EndProject
Project("{2150E333-8FDC-42A3-9474-1A3956D46DE8}") = "csharp-dataflow", "csharp-dataflow", "{DF1474B4-EA87-25A3-1FB9-BD0323AD3B3D}"
EndProject
Project("{FAE04EC0-301F-11D3-BF4B-00C04F79EFBC}") = "CSharpNode", "samples\csharp-dataflow\CSharpNode.csproj", "{82EECD5D-C4B5-485F-9E98-21F02297C14A}"
EndProject
Project("{2150E333-8FDC-42A3-9474-1A3956D46DE8}") = "csharp-multi-node", "csharp-multi-node", "{DC935E36-6995-7351-EE03-ACC95D0CA73C}"
EndProject
Project("{FAE04EC0-301F-11D3-BF4B-00C04F79EFBC}") = "Consumer", "samples\csharp-multi-node\Consumer.csproj", "{69FDD64F-E9A9-4183-9B17-C3A55B379012}"
EndProject
Project("{FAE04EC0-301F-11D3-BF4B-00C04F79EFBC}") = "Producer", "samples\csharp-multi-node\Producer.csproj", "{3AE5ED3E-F63E-4202-B070-3F03FD134A19}"
EndProject
Project("{2150E333-8FDC-42A3-9474-1A3956D46DE8}") = "csharp-node-operator-arrow-dataflow", "csharp-node-operator-arrow-dataflow", "{D06015CA-F824-53CD-5EED-20644460A8DB}"
EndProject
Project("{FAE04EC0-301F-11D3-BF4B-00C04F79EFBC}") = "Consumer", "samples\csharp-node-operator-arrow-dataflow\Consumer.csproj", "{0CFEEBEA-01F3-4FBF-87FE-3A2097E71D58}"
EndProject
Project("{FAE04EC0-301F-11D3-BF4B-00C04F79EFBC}") = "Producer", "samples\csharp-node-operator-arrow-dataflow\Producer.csproj", "{B0DDEE44-B130-4D16-93E6-A7864E44CC97}"
EndProject
Project("{FAE04EC0-301F-11D3-BF4B-00C04F79EFBC}") = "RecordBatchForwardOperator", "samples\csharp-node-operator-arrow-dataflow\RecordBatchForwardOperator.csproj", "{D41B2DC3-DC1E-4B9E-87C6-976660901583}"
EndProject
Project("{2150E333-8FDC-42A3-9474-1A3956D46DE8}") = "csharp-operator-arrow-roundtrip", "csharp-operator-arrow-roundtrip", "{67F70A1A-7BE0-279C-3BF0-98458807E75F}"
EndProject
Project("{FAE04EC0-301F-11D3-BF4B-00C04F79EFBC}") = "Producer", "samples\csharp-operator-arrow-roundtrip\Producer.csproj", "{B96FBC3B-6AAA-4CB0-9505-42976E700C62}"
EndProject
Project("{FAE04EC0-301F-11D3-BF4B-00C04F79EFBC}") = "RecordBatchProducerOperator", "samples\csharp-operator-arrow-roundtrip\RecordBatchProducerOperator.csproj", "{B22CEC27-D06E-4785-8DB3-7FAFD22E35F7}"
EndProject
Project("{FAE04EC0-301F-11D3-BF4B-00C04F79EFBC}") = "RecordBatchVerifierOperator", "samples\csharp-operator-arrow-roundtrip\RecordBatchVerifierOperator.csproj", "{F81C6D35-A419-403A-9886-E4C95AEE6FCF}"
EndProject
Project("{FAE04EC0-301F-11D3-BF4B-00C04F79EFBC}") = "Sink", "samples\csharp-operator-arrow-roundtrip\Sink.csproj", "{E73DC2EB-5F0E-429A-9908-B4B3F1966CBF}"
EndProject
Project("{2150E333-8FDC-42A3-9474-1A3956D46DE8}") = "csharp-operator-contract-arrow-dataflow", "csharp-operator-contract-arrow-dataflow", "{B1ED3F11-1108-82E9-C1A7-1BD4300C9CEB}"
EndProject
Project("{FAE04EC0-301F-11D3-BF4B-00C04F79EFBC}") = "ContractBatchProducerOperator", "samples\csharp-operator-contract-arrow-dataflow\ContractBatchProducerOperator.csproj", "{AD8E631B-52C6-4188-9623-061FFCD73A5A}"
EndProject
Project("{FAE04EC0-301F-11D3-BF4B-00C04F79EFBC}") = "ContractBatchVerifierOperator", "samples\csharp-operator-contract-arrow-dataflow\ContractBatchVerifierOperator.csproj", "{A0CF64D3-1F2D-44B0-9EBE-E4C937E80754}"
EndProject
Project("{FAE04EC0-301F-11D3-BF4B-00C04F79EFBC}") = "Producer", "samples\csharp-operator-contract-arrow-dataflow\Producer.csproj", "{8FBE9D1C-2AE0-41F6-9B21-E1980FB08661}"
EndProject
Project("{FAE04EC0-301F-11D3-BF4B-00C04F79EFBC}") = "Sink", "samples\csharp-operator-contract-arrow-dataflow\Sink.csproj", "{6D235106-5737-46E7-95C8-936FD5BAF270}"
EndProject
Project("{2150E333-8FDC-42A3-9474-1A3956D46DE8}") = "csharp-operator-dataflow", "csharp-operator-dataflow", "{B8795330-8A54-2F11-8E68-7548991D8C13}"
EndProject
Project("{FAE04EC0-301F-11D3-BF4B-00C04F79EFBC}") = "CSharpCounterOperator", "samples\csharp-operator-dataflow\CSharpCounterOperator.csproj", "{B3AEEFA5-F4E1-4164-9BAC-60085F9704CC}"
EndProject
Project("{FAE04EC0-301F-11D3-BF4B-00C04F79EFBC}") = "Producer", "samples\csharp-operator-dataflow\Producer.csproj", "{439A9271-71D2-407F-8E12-4940BC0A12C9}"
EndProject
Project("{FAE04EC0-301F-11D3-BF4B-00C04F79EFBC}") = "Sink", "samples\csharp-operator-dataflow\Sink.csproj", "{E5457903-10B5-434B-B6AA-93AB0BBE0BC2}"
EndProject
Project("{2150E333-8FDC-42A3-9474-1A3956D46DE8}") = "templates", "templates", "{808186BE-9BD0-DD1D-D574-36EEAD1E7F8F}"
EndProject
Project("{FAE04EC0-301F-11D3-BF4B-00C04F79EFBC}") = "DoraMate.Templates", "templates\DoraMate.Templates.csproj", "{5507B5B7-3B99-4FB7-A1EF-ED16954A403B}"
EndProject
Global
	GlobalSection(SolutionConfigurationPlatforms) = preSolution
		Debug|Any CPU = Debug|Any CPU
		Debug|x64 = Debug|x64
		Debug|x86 = Debug|x86
		Release|Any CPU = Release|Any CPU
		Release|x64 = Release|x64
		Release|x86 = Release|x86
	EndGlobalSection
	GlobalSection(ProjectConfigurationPlatforms) = postSolution
		{E76FF982-84CF-430C-8427-EDAD5E51B287}.Debug|Any CPU.ActiveCfg = Debug|Any CPU
		{E76FF982-84CF-430C-8427-EDAD5E51B287}.Debug|Any CPU.Build.0 = Debug|Any CPU
		{E76FF982-84CF-430C-8427-EDAD5E51B287}.Debug|x64.ActiveCfg = Debug|Any CPU
		{E76FF982-84CF-430C-8427-EDAD5E51B287}.Debug|x64.Build.0 = Debug|Any CPU
		{E76FF982-84CF-430C-8427-EDAD5E51B287}.Debug|x86.ActiveCfg = Debug|Any CPU
		{E76FF982-84CF-430C-8427-EDAD5E51B287}.Debug|x86.Build.0 = Debug|Any CPU
		{E76FF982-84CF-430C-8427-EDAD5E51B287}.Release|Any CPU.ActiveCfg = Release|Any CPU
		{E76FF982-84CF-430C-8427-EDAD5E51B287}.Release|Any CPU.Build.0 = Release|Any CPU
		{E76FF982-84CF-430C-8427-EDAD5E51B287}.Release|x64.ActiveCfg = Release|Any CPU
		{E76FF982-84CF-430C-8427-EDAD5E51B287}.Release|x64.Build.0 = Release|Any CPU
		{E76FF982-84CF-430C-8427-EDAD5E51B287}.Release|x86.ActiveCfg = Release|Any CPU
		{E76FF982-84CF-430C-8427-EDAD5E51B287}.Release|x86.Build.0 = Release|Any CPU
		{53570982-CD93-4FD2-86C5-0130018D341E}.Debug|Any CPU.ActiveCfg = Debug|Any CPU
		{53570982-CD93-4FD2-86C5-0130018D341E}.Debug|Any CPU.Build.0 = Debug|Any CPU
		{53570982-CD93-4FD2-86C5-0130018D341E}.Debug|x64.ActiveCfg = Debug|Any CPU
		{53570982-CD93-4FD2-86C5-0130018D341E}.Debug|x64.Build.0 = Debug|Any CPU
		{53570982-CD93-4FD2-86C5-0130018D341E}.Debug|x86.ActiveCfg = Debug|Any CPU
		{53570982-CD93-4FD2-86C5-0130018D341E}.Debug|x86.Build.0 = Debug|Any CPU
		{53570982-CD93-4FD2-86C5-0130018D341E}.Release|Any CPU.ActiveCfg = Release|Any CPU
		{53570982-CD93-4FD2-86C5-0130018D341E}.Release|Any CPU.Build.0 = Release|Any CPU
		{53570982-CD93-4FD2-86C5-0130018D341E}.Release|x64.ActiveCfg = Release|Any CPU
		{53570982-CD93-4FD2-86C5-0130018D341E}.Release|x64.Build.0 = Release|Any CPU
		{53570982-CD93-4FD2-86C5-0130018D341E}.Release|x86.ActiveCfg = Release|Any CPU
		{53570982-CD93-4FD2-86C5-0130018D341E}.Release|x86.Build.0 = Release|Any CPU
		{7F7D7F2D-8E18-4A2B-9D11-0F874A0C3E3B}.Debug|Any CPU.ActiveCfg = Debug|Any CPU
		{7F7D7F2D-8E18-4A2B-9D11-0F874A0C3E3B}.Debug|Any CPU.Build.0 = Debug|Any CPU
		{7F7D7F2D-8E18-4A2B-9D11-0F874A0C3E3B}.Debug|x64.ActiveCfg = Debug|Any CPU
		{7F7D7F2D-8E18-4A2B-9D11-0F874A0C3E3B}.Debug|x64.Build.0 = Debug|Any CPU
		{7F7D7F2D-8E18-4A2B-9D11-0F874A0C3E3B}.Debug|x86.ActiveCfg = Debug|Any CPU
		{7F7D7F2D-8E18-4A2B-9D11-0F874A0C3E3B}.Debug|x86.Build.0 = Debug|Any CPU
		{7F7D7F2D-8E18-4A2B-9D11-0F874A0C3E3B}.Release|Any CPU.ActiveCfg = Release|Any CPU
		{7F7D7F2D-8E18-4A2B-9D11-0F874A0C3E3B}.Release|Any CPU.Build.0 = Release|Any CPU
		{7F7D7F2D-8E18-4A2B-9D11-0F874A0C3E3B}.Release|x64.ActiveCfg = Release|Any CPU
		{7F7D7F2D-8E18-4A2B-9D11-0F874A0C3E3B}.Release|x64.Build.0 = Release|Any CPU
		{7F7D7F2D-8E18-4A2B-9D11-0F874A0C3E3B}.Release|x86.ActiveCfg = Release|Any CPU
		{7F7D7F2D-8E18-4A2B-9D11-0F874A0C3E3B}.Release|x86.Build.0 = Release|Any CPU
		{1A2AA94A-DAA0-4ABF-9B75-5E7C9959C6D1}.Debug|Any CPU.ActiveCfg = Debug|Any CPU
		{1A2AA94A-DAA0-4ABF-9B75-5E7C9959C6D1}.Debug|Any CPU.Build.0 = Debug|Any CPU
		{1A2AA94A-DAA0-4ABF-9B75-5E7C9959C6D1}.Debug|x64.ActiveCfg = Debug|Any CPU
		{1A2AA94A-DAA0-4ABF-9B75-5E7C9959C6D1}.Debug|x64.Build.0 = Debug|Any CPU
		{1A2AA94A-DAA0-4ABF-9B75-5E7C9959C6D1}.Debug|x86.ActiveCfg = Debug|Any CPU
		{1A2AA94A-DAA0-4ABF-9B75-5E7C9959C6D1}.Debug|x86.Build.0 = Debug|Any CPU
		{1A2AA94A-DAA0-4ABF-9B75-5E7C9959C6D1}.Release|Any CPU.ActiveCfg = Release|Any CPU
		{1A2AA94A-DAA0-4ABF-9B75-5E7C9959C6D1}.Release|Any CPU.Build.0 = Release|Any CPU
		{1A2AA94A-DAA0-4ABF-9B75-5E7C9959C6D1}.Release|x64.ActiveCfg = Release|Any CPU
		{1A2AA94A-DAA0-4ABF-9B75-5E7C9959C6D1}.Release|x64.Build.0 = Release|Any CPU
		{1A2AA94A-DAA0-4ABF-9B75-5E7C9959C6D1}.Release|x86.ActiveCfg = Release|Any CPU
		{1A2AA94A-DAA0-4ABF-9B75-5E7C9959C6D1}.Release|x86.Build.0 = Release|Any CPU
		{9AC79DEE-8DE7-4BEE-A3E1-334205BFB007}.Debug|Any CPU.ActiveCfg = Debug|Any CPU
		{9AC79DEE-8DE7-4BEE-A3E1-334205BFB007}.Debug|Any CPU.Build.0 = Debug|Any CPU
		{9AC79DEE-8DE7-4BEE-A3E1-334205BFB007}.Debug|x64.ActiveCfg = Debug|Any CPU
		{9AC79DEE-8DE7-4BEE-A3E1-334205BFB007}.Debug|x64.Build.0 = Debug|Any CPU
		{9AC79DEE-8DE7-4BEE-A3E1-334205BFB007}.Debug|x86.ActiveCfg = Debug|Any CPU
		{9AC79DEE-8DE7-4BEE-A3E1-334205BFB007}.Debug|x86.Build.0 = Debug|Any CPU
		{9AC79DEE-8DE7-4BEE-A3E1-334205BFB007}.Release|Any CPU.ActiveCfg = Release|Any CPU
		{9AC79DEE-8DE7-4BEE-A3E1-334205BFB007}.Release|Any CPU.Build.0 = Release|Any CPU
		{9AC79DEE-8DE7-4BEE-A3E1-334205BFB007}.Release|x64.ActiveCfg = Release|Any CPU
		{9AC79DEE-8DE7-4BEE-A3E1-334205BFB007}.Release|x64.Build.0 = Release|Any CPU
		{9AC79DEE-8DE7-4BEE-A3E1-334205BFB007}.Release|x86.ActiveCfg = Release|Any CPU
		{9AC79DEE-8DE7-4BEE-A3E1-334205BFB007}.Release|x86.Build.0 = Release|Any CPU
		{C685F0E8-4CDA-4F95-9DE3-BF823F2275CA}.Debug|Any CPU.ActiveCfg = Debug|Any CPU
		{C685F0E8-4CDA-4F95-9DE3-BF823F2275CA}.Debug|Any CPU.Build.0 = Debug|Any CPU
		{C685F0E8-4CDA-4F95-9DE3-BF823F2275CA}.Debug|x64.ActiveCfg = Debug|Any CPU
		{C685F0E8-4CDA-4F95-9DE3-BF823F2275CA}.Debug|x64.Build.0 = Debug|Any CPU
		{C685F0E8-4CDA-4F95-9DE3-BF823F2275CA}.Debug|x86.ActiveCfg = Debug|Any CPU
		{C685F0E8-4CDA-4F95-9DE3-BF823F2275CA}.Debug|x86.Build.0 = Debug|Any CPU
		{C685F0E8-4CDA-4F95-9DE3-BF823F2275CA}.Release|Any CPU.ActiveCfg = Release|Any CPU
		{C685F0E8-4CDA-4F95-9DE3-BF823F2275CA}.Release|Any CPU.Build.0 = Release|Any CPU
		{C685F0E8-4CDA-4F95-9DE3-BF823F2275CA}.Release|x64.ActiveCfg = Release|Any CPU
		{C685F0E8-4CDA-4F95-9DE3-BF823F2275CA}.Release|x64.Build.0 = Release|Any CPU
		{C685F0E8-4CDA-4F95-9DE3-BF823F2275CA}.Release|x86.ActiveCfg = Release|Any CPU
		{C685F0E8-4CDA-4F95-9DE3-BF823F2275CA}.Release|x86.Build.0 = Release|Any CPU
		{6CB9CAC2-DBB5-406F-992D-F2E3721FB834}.Debug|Any CPU.ActiveCfg = Debug|Any CPU
		{6CB9CAC2-DBB5-406F-992D-F2E3721FB834}.Debug|Any CPU.Build.0 = Debug|Any CPU
		{6CB9CAC2-DBB5-406F-992D-F2E3721FB834}.Debug|x64.ActiveCfg = Debug|Any CPU
		{6CB9CAC2-DBB5-406F-992D-F2E3721FB834}.Debug|x64.Build.0 = Debug|Any CPU
		{6CB9CAC2-DBB5-406F-992D-F2E3721FB834}.Debug|x86.ActiveCfg = Debug|Any CPU
		{6CB9CAC2-DBB5-406F-992D-F2E3721FB834}.Debug|x86.Build.0 = Debug|Any CPU
		{6CB9CAC2-DBB5-406F-992D-F2E3721FB834}.Release|Any CPU.ActiveCfg = Release|Any CPU
		{6CB9CAC2-DBB5-406F-992D-F2E3721FB834}.Release|Any CPU.Build.0 = Release|Any CPU
		{6CB9CAC2-DBB5-406F-992D-F2E3721FB834}.Release|x64.ActiveCfg = Release|Any CPU
		{6CB9CAC2-DBB5-406F-992D-F2E3721FB834}.Release|x64.Build.0 = Release|Any CPU
		{6CB9CAC2-DBB5-406F-992D-F2E3721FB834}.Release|x86.ActiveCfg = Release|Any CPU
		{6CB9CAC2-DBB5-406F-992D-F2E3721FB834}.Release|x86.Build.0 = Release|Any CPU
		{41056C30-C002-44E2-8F92-38F84A31425E}.Debug|Any CPU.ActiveCfg = Debug|Any CPU
		{41056C30-C002-44E2-8F92-38F84A31425E}.Debug|Any CPU.Build.0 = Debug|Any CPU
		{41056C30-C002-44E2-8F92-38F84A31425E}.Debug|x64.ActiveCfg = Debug|Any CPU
		{41056C30-C002-44E2-8F92-38F84A31425E}.Debug|x64.Build.0 = Debug|Any CPU
		{41056C30-C002-44E2-8F92-38F84A31425E}.Debug|x86.ActiveCfg = Debug|Any CPU
		{41056C30-C002-44E2-8F92-38F84A31425E}.Debug|x86.Build.0 = Debug|Any CPU
		{41056C30-C002-44E2-8F92-38F84A31425E}.Release|Any CPU.ActiveCfg = Release|Any CPU
		{41056C30-C002-44E2-8F92-38F84A31425E}.Release|Any CPU.Build.0 = Release|Any CPU
		{41056C30-C002-44E2-8F92-38F84A31425E}.Release|x64.ActiveCfg = Release|Any CPU
		{41056C30-C002-44E2-8F92-38F84A31425E}.Release|x64.Build.0 = Release|Any CPU
		{41056C30-C002-44E2-8F92-38F84A31425E}.Release|x86.ActiveCfg = Release|Any CPU
		{41056C30-C002-44E2-8F92-38F84A31425E}.Release|x86.Build.0 = Release|Any CPU
		{E5A9BF87-7ABA-419B-8EDF-B1231139C2AB}.Debug|Any CPU.ActiveCfg = Debug|Any CPU
		{E5A9BF87-7ABA-419B-8EDF-B1231139C2AB}.Debug|Any CPU.Build.0 = Debug|Any CPU
		{E5A9BF87-7ABA-419B-8EDF-B1231139C2AB}.Debug|x64.ActiveCfg = Debug|Any CPU
		{E5A9BF87-7ABA-419B-8EDF-B1231139C2AB}.Debug|x64.Build.0 = Debug|Any CPU
		{E5A9BF87-7ABA-419B-8EDF-B1231139C2AB}.Debug|x86.ActiveCfg = Debug|Any CPU
		{E5A9BF87-7ABA-419B-8EDF-B1231139C2AB}.Debug|x86.Build.0 = Debug|Any CPU
		{E5A9BF87-7ABA-419B-8EDF-B1231139C2AB}.Release|Any CPU.ActiveCfg = Release|Any CPU
		{E5A9BF87-7ABA-419B-8EDF-B1231139C2AB}.Release|Any CPU.Build.0 = Release|Any CPU
		{E5A9BF87-7ABA-419B-8EDF-B1231139C2AB}.Release|x64.ActiveCfg = Release|Any CPU
		{E5A9BF87-7ABA-419B-8EDF-B1231139C2AB}.Release|x64.Build.0 = Release|Any CPU
		{E5A9BF87-7ABA-419B-8EDF-B1231139C2AB}.Release|x86.ActiveCfg = Release|Any CPU
		{E5A9BF87-7ABA-419B-8EDF-B1231139C2AB}.Release|x86.Build.0 = Release|Any CPU
		{428B394B-116A-4E4F-897A-56DEC243D3F9}.Debug|Any CPU.ActiveCfg = Debug|Any CPU
		{428B394B-116A-4E4F-897A-56DEC243D3F9}.Debug|Any CPU.Build.0 = Debug|Any CPU
		{428B394B-116A-4E4F-897A-56DEC243D3F9}.Debug|x64.ActiveCfg = Debug|Any CPU
		{428B394B-116A-4E4F-897A-56DEC243D3F9}.Debug|x64.Build.0 = Debug|Any CPU
		{428B394B-116A-4E4F-897A-56DEC243D3F9}.Debug|x86.ActiveCfg = Debug|Any CPU
		{428B394B-116A-4E4F-897A-56DEC243D3F9}.Debug|x86.Build.0 = Debug|Any CPU
		{428B394B-116A-4E4F-897A-56DEC243D3F9}.Release|Any CPU.ActiveCfg = Release|Any CPU
		{428B394B-116A-4E4F-897A-56DEC243D3F9}.Release|Any CPU.Build.0 = Release|Any CPU
		{428B394B-116A-4E4F-897A-56DEC243D3F9}.Release|x64.ActiveCfg = Release|Any CPU
		{428B394B-116A-4E4F-897A-56DEC243D3F9}.Release|x64.Build.0 = Release|Any CPU
		{428B394B-116A-4E4F-897A-56DEC243D3F9}.Release|x86.ActiveCfg = Release|Any CPU
		{428B394B-116A-4E4F-897A-56DEC243D3F9}.Release|x86.Build.0 = Release|Any CPU
		{0543AC55-6C8A-46A2-9E86-D3080580AD96}.Debug|Any CPU.ActiveCfg = Debug|Any CPU
		{0543AC55-6C8A-46A2-9E86-D3080580AD96}.Debug|Any CPU.Build.0 = Debug|Any CPU
		{0543AC55-6C8A-46A2-9E86-D3080580AD96}.Debug|x64.ActiveCfg = Debug|Any CPU
		{0543AC55-6C8A-46A2-9E86-D3080580AD96}.Debug|x64.Build.0 = Debug|Any CPU
		{0543AC55-6C8A-46A2-9E86-D3080580AD96}.Debug|x86.ActiveCfg = Debug|Any CPU
		{0543AC55-6C8A-46A2-9E86-D3080580AD96}.Debug|x86.Build.0 = Debug|Any CPU
		{0543AC55-6C8A-46A2-9E86-D3080580AD96}.Release|Any CPU.ActiveCfg = Release|Any CPU
		{0543AC55-6C8A-46A2-9E86-D3080580AD96}.Release|Any CPU.Build.0 = Release|Any CPU
		{0543AC55-6C8A-46A2-9E86-D3080580AD96}.Release|x64.ActiveCfg = Release|Any CPU
		{0543AC55-6C8A-46A2-9E86-D3080580AD96}.Release|x64.Build.0 = Release|Any CPU
		{0543AC55-6C8A-46A2-9E86-D3080580AD96}.Release|x86.ActiveCfg = Release|Any CPU
		{0543AC55-6C8A-46A2-9E86-D3080580AD96}.Release|x86.Build.0 = Release|Any CPU
		{7D5568A6-5DAB-49F9-A831-C8858DAC847B}.Debug|Any CPU.ActiveCfg = Debug|Any CPU
		{7D5568A6-5DAB-49F9-A831-C8858DAC847B}.Debug|Any CPU.Build.0 = Debug|Any CPU
		{7D5568A6-5DAB-49F9-A831-C8858DAC847B}.Debug|x64.ActiveCfg = Debug|Any CPU
		{7D5568A6-5DAB-49F9-A831-C8858DAC847B}.Debug|x64.Build.0 = Debug|Any CPU
		{7D5568A6-5DAB-49F9-A831-C8858DAC847B}.Debug|x86.ActiveCfg = Debug|Any CPU
		{7D5568A6-5DAB-49F9-A831-C8858DAC847B}.Debug|x86.Build.0 = Debug|Any CPU
		{7D5568A6-5DAB-49F9-A831-C8858DAC847B}.Release|Any CPU.ActiveCfg = Release|Any CPU
		{7D5568A6-5DAB-49F9-A831-C8858DAC847B}.Release|Any CPU.Build.0 = Release|Any CPU
		{7D5568A6-5DAB-49F9-A831-C8858DAC847B}.Release|x64.ActiveCfg = Release|Any CPU
		{7D5568A6-5DAB-49F9-A831-C8858DAC847B}.Release|x64.Build.0 = Release|Any CPU
		{7D5568A6-5DAB-49F9-A831-C8858DAC847B}.Release|x86.ActiveCfg = Release|Any CPU
		{7D5568A6-5DAB-49F9-A831-C8858DAC847B}.Release|x86.Build.0 = Release|Any CPU
		{82EECD5D-C4B5-485F-9E98-21F02297C14A}.Debug|Any CPU.ActiveCfg = Debug|Any CPU
		{82EECD5D-C4B5-485F-9E98-21F02297C14A}.Debug|Any CPU.Build.0 = Debug|Any CPU
		{82EECD5D-C4B5-485F-9E98-21F02297C14A}.Debug|x64.ActiveCfg = Debug|Any CPU
		{82EECD5D-C4B5-485F-9E98-21F02297C14A}.Debug|x64.Build.0 = Debug|Any CPU
		{82EECD5D-C4B5-485F-9E98-21F02297C14A}.Debug|x86.ActiveCfg = Debug|Any CPU
		{82EECD5D-C4B5-485F-9E98-21F02297C14A}.Debug|x86.Build.0 = Debug|Any CPU
		{82EECD5D-C4B5-485F-9E98-21F02297C14A}.Release|Any CPU.ActiveCfg = Release|Any CPU
		{82EECD5D-C4B5-485F-9E98-21F02297C14A}.Release|Any CPU.Build.0 = Release|Any CPU
		{82EECD5D-C4B5-485F-9E98-21F02297C14A}.Release|x64.ActiveCfg = Release|Any CPU
		{82EECD5D-C4B5-485F-9E98-21F02297C14A}.Release|x64.Build.0 = Release|Any CPU
		{82EECD5D-C4B5-485F-9E98-21F02297C14A}.Release|x86.ActiveCfg = Release|Any CPU
		{82EECD5D-C4B5-485F-9E98-21F02297C14A}.Release|x86.Build.0 = Release|Any CPU
		{69FDD64F-E9A9-4183-9B17-C3A55B379012}.Debug|Any CPU.ActiveCfg = Debug|Any CPU
		{69FDD64F-E9A9-4183-9B17-C3A55B379012}.Debug|Any CPU.Build.0 = Debug|Any CPU
		{69FDD64F-E9A9-4183-9B17-C3A55B379012}.Debug|x64.ActiveCfg = Debug|Any CPU
		{69FDD64F-E9A9-4183-9B17-C3A55B379012}.Debug|x64.Build.0 = Debug|Any CPU
		{69FDD64F-E9A9-4183-9B17-C3A55B379012}.Debug|x86.ActiveCfg = Debug|Any CPU
		{69FDD64F-E9A9-4183-9B17-C3A55B379012}.Debug|x86.Build.0 = Debug|Any CPU
		{69FDD64F-E9A9-4183-9B17-C3A55B379012}.Release|Any CPU.ActiveCfg = Release|Any CPU
		{69FDD64F-E9A9-4183-9B17-C3A55B379012}.Release|Any CPU.Build.0 = Release|Any CPU
		{69FDD64F-E9A9-4183-9B17-C3A55B379012}.Release|x64.ActiveCfg = Release|Any CPU
		{69FDD64F-E9A9-4183-9B17-C3A55B379012}.Release|x64.Build.0 = Release|Any CPU
		{69FDD64F-E9A9-4183-9B17-C3A55B379012}.Release|x86.ActiveCfg = Release|Any CPU
		{69FDD64F-E9A9-4183-9B17-C3A55B379012}.Release|x86.Build.0 = Release|Any CPU
		{3AE5ED3E-F63E-4202-B070-3F03FD134A19}.Debug|Any CPU.ActiveCfg = Debug|Any CPU
		{3AE5ED3E-F63E-4202-B070-3F03FD134A19}.Debug|Any CPU.Build.0 = Debug|Any CPU
		{3AE5ED3E-F63E-4202-B070-3F03FD134A19}.Debug|x64.ActiveCfg = Debug|Any CPU
		{3AE5ED3E-F63E-4202-B070-3F03FD134A19}.Debug|x64.Build.0 = Debug|Any CPU
		{3AE5ED3E-F63E-4202-B070-3F03FD134A19}.Debug|x86.ActiveCfg = Debug|Any CPU
		{3AE5ED3E-F63E-4202-B070-3F03FD134A19}.Debug|x86.Build.0 = Debug|Any CPU
		{3AE5ED3E-F63E-4202-B070-3F03FD134A19}.Release|Any CPU.ActiveCfg = Release|Any CPU
		{3AE5ED3E-F63E-4202-B070-3F03FD134A19}.Release|Any CPU.Build.0 = Release|Any CPU
		{3AE5ED3E-F63E-4202-B070-3F03FD134A19}.Release|x64.ActiveCfg = Release|Any CPU
		{3AE5ED3E-F63E-4202-B070-3F03FD134A19}.Release|x64.Build.0 = Release|Any CPU
		{3AE5ED3E-F63E-4202-B070-3F03FD134A19}.Release|x86.ActiveCfg = Release|Any CPU
		{3AE5ED3E-F63E-4202-B070-3F03FD134A19}.Release|x86.Build.0 = Release|Any CPU
		{0CFEEBEA-01F3-4FBF-87FE-3A2097E71D58}.Debug|Any CPU.ActiveCfg = Debug|Any CPU
		{0CFEEBEA-01F3-4FBF-87FE-3A2097E71D58}.Debug|Any CPU.Build.0 = Debug|Any CPU
		{0CFEEBEA-01F3-4FBF-87FE-3A2097E71D58}.Debug|x64.ActiveCfg = Debug|Any CPU
		{0CFEEBEA-01F3-4FBF-87FE-3A2097E71D58}.Debug|x64.Build.0 = Debug|Any CPU
		{0CFEEBEA-01F3-4FBF-87FE-3A2097E71D58}.Debug|x86.ActiveCfg = Debug|Any CPU
		{0CFEEBEA-01F3-4FBF-87FE-3A2097E71D58}.Debug|x86.Build.0 = Debug|Any CPU
		{0CFEEBEA-01F3-4FBF-87FE-3A2097E71D58}.Release|Any CPU.ActiveCfg = Release|Any CPU
		{0CFEEBEA-01F3-4FBF-87FE-3A2097E71D58}.Release|Any CPU.Build.0 = Release|Any CPU
		{0CFEEBEA-01F3-4FBF-87FE-3A2097E71D58}.Release|x64.ActiveCfg = Release|Any CPU
		{0CFEEBEA-01F3-4FBF-87FE-3A2097E71D58}.Release|x64.Build.0 = Release|Any CPU
		{0CFEEBEA-01F3-4FBF-87FE-3A2097E71D58}.Release|x86.ActiveCfg = Release|Any CPU
		{0CFEEBEA-01F3-4FBF-87FE-3A2097E71D58}.Release|x86.Build.0 = Release|Any CPU
		{B0DDEE44-B130-4D16-93E6-A7864E44CC97}.Debug|Any CPU.ActiveCfg = Debug|Any CPU
		{B0DDEE44-B130-4D16-93E6-A7864E44CC97}.Debug|Any CPU.Build.0 = Debug|Any CPU
		{B0DDEE44-B130-4D16-93E6-A7864E44CC97}.Debug|x64.ActiveCfg = Debug|Any CPU
		{B0DDEE44-B130-4D16-93E6-A7864E44CC97}.Debug|x64.Build.0 = Debug|Any CPU
		{B0DDEE44-B130-4D16-93E6-A7864E44CC97}.Debug|x86.ActiveCfg = Debug|Any CPU
		{B0DDEE44-B130-4D16-93E6-A7864E44CC97}.Debug|x86.Build.0 = Debug|Any CPU
		{B0DDEE44-B130-4D16-93E6-A7864E44CC97}.Release|Any CPU.ActiveCfg = Release|Any CPU
		{B0DDEE44-B130-4D16-93E6-A7864E44CC97}.Release|Any CPU.Build.0 = Release|Any CPU
		{B0DDEE44-B130-4D16-93E6-A7864E44CC97}.Release|x64.ActiveCfg = Release|Any CPU
		{B0DDEE44-B130-4D16-93E6-A7864E44CC97}.Release|x64.Build.0 = Release|Any CPU
		{B0DDEE44-B130-4D16-93E6-A7864E44CC97}.Release|x86.ActiveCfg = Release|Any CPU
		{B0DDEE44-B130-4D16-93E6-A7864E44CC97}.Release|x86.Build.0 = Release|Any CPU
		{D41B2DC3-DC1E-4B9E-87C6-976660901583}.Debug|Any CPU.ActiveCfg = Debug|Any CPU
		{D41B2DC3-DC1E-4B9E-87C6-976660901583}.Debug|Any CPU.Build.0 = Debug|Any CPU
		{D41B2DC3-DC1E-4B9E-87C6-976660901583}.Debug|x64.ActiveCfg = Debug|Any CPU
		{D41B2DC3-DC1E-4B9E-87C6-976660901583}.Debug|x64.Build.0 = Debug|Any CPU
		{D41B2DC3-DC1E-4B9E-87C6-976660901583}.Debug|x86.ActiveCfg = Debug|Any CPU
		{D41B2DC3-DC1E-4B9E-87C6-976660901583}.Debug|x86.Build.0 = Debug|Any CPU
		{D41B2DC3-DC1E-4B9E-87C6-976660901583}.Release|Any CPU.ActiveCfg = Release|Any CPU
		{D41B2DC3-DC1E-4B9E-87C6-976660901583}.Release|Any CPU.Build.0 = Release|Any CPU
		{D41B2DC3-DC1E-4B9E-87C6-976660901583}.Release|x64.ActiveCfg = Release|Any CPU
		{D41B2DC3-DC1E-4B9E-87C6-976660901583}.Release|x64.Build.0 = Release|Any CPU
		{D41B2DC3-DC1E-4B9E-87C6-976660901583}.Release|x86.ActiveCfg = Release|Any CPU
		{D41B2DC3-DC1E-4B9E-87C6-976660901583}.Release|x86.Build.0 = Release|Any CPU
		{B96FBC3B-6AAA-4CB0-9505-42976E700C62}.Debug|Any CPU.ActiveCfg = Debug|Any CPU
		{B96FBC3B-6AAA-4CB0-9505-42976E700C62}.Debug|Any CPU.Build.0 = Debug|Any CPU
		{B96FBC3B-6AAA-4CB0-9505-42976E700C62}.Debug|x64.ActiveCfg = Debug|Any CPU
		{B96FBC3B-6AAA-4CB0-9505-42976E700C62}.Debug|x64.Build.0 = Debug|Any CPU
		{B96FBC3B-6AAA-4CB0-9505-42976E700C62}.Debug|x86.ActiveCfg = Debug|Any CPU
		{B96FBC3B-6AAA-4CB0-9505-42976E700C62}.Debug|x86.Build.0 = Debug|Any CPU
		{B96FBC3B-6AAA-4CB0-9505-42976E700C62}.Release|Any CPU.ActiveCfg = Release|Any CPU
		{B96FBC3B-6AAA-4CB0-9505-42976E700C62}.Release|Any CPU.Build.0 = Release|Any CPU
		{B96FBC3B-6AAA-4CB0-9505-42976E700C62}.Release|x64.ActiveCfg = Release|Any CPU
		{B96FBC3B-6AAA-4CB0-9505-42976E700C62}.Release|x64.Build.0 = Release|Any CPU
		{B96FBC3B-6AAA-4CB0-9505-42976E700C62}.Release|x86.ActiveCfg = Release|Any CPU
		{B96FBC3B-6AAA-4CB0-9505-42976E700C62}.Release|x86.Build.0 = Release|Any CPU
		{B22CEC27-D06E-4785-8DB3-7FAFD22E35F7}.Debug|Any CPU.ActiveCfg = Debug|Any CPU
		{B22CEC27-D06E-4785-8DB3-7FAFD22E35F7}.Debug|Any CPU.Build.0 = Debug|Any CPU
		{B22CEC27-D06E-4785-8DB3-7FAFD22E35F7}.Debug|x64.ActiveCfg = Debug|Any CPU
		{B22CEC27-D06E-4785-8DB3-7FAFD22E35F7}.Debug|x64.Build.0 = Debug|Any CPU
		{B22CEC27-D06E-4785-8DB3-7FAFD22E35F7}.Debug|x86.ActiveCfg = Debug|Any CPU
		{B22CEC27-D06E-4785-8DB3-7FAFD22E35F7}.Debug|x86.Build.0 = Debug|Any CPU
		{B22CEC27-D06E-4785-8DB3-7FAFD22E35F7}.Release|Any CPU.ActiveCfg = Release|Any CPU
		{B22CEC27-D06E-4785-8DB3-7FAFD22E35F7}.Release|Any CPU.Build.0 = Release|Any CPU
		{B22CEC27-D06E-4785-8DB3-7FAFD22E35F7}.Release|x64.ActiveCfg = Release|Any CPU
		{B22CEC27-D06E-4785-8DB3-7FAFD22E35F7}.Release|x64.Build.0 = Release|Any CPU
		{B22CEC27-D06E-4785-8DB3-7FAFD22E35F7}.Release|x86.ActiveCfg = Release|Any CPU
		{B22CEC27-D06E-4785-8DB3-7FAFD22E35F7}.Release|x86.Build.0 = Release|Any CPU
		{F81C6D35-A419-403A-9886-E4C95AEE6FCF}.Debug|Any CPU.ActiveCfg = Debug|Any CPU
		{F81C6D35-A419-403A-9886-E4C95AEE6FCF}.Debug|Any CPU.Build.0 = Debug|Any CPU
		{F81C6D35-A419-403A-9886-E4C95AEE6FCF}.Debug|x64.ActiveCfg = Debug|Any CPU
		{F81C6D35-A419-403A-9886-E4C95AEE6FCF}.Debug|x64.Build.0 = Debug|Any CPU
		{F81C6D35-A419-403A-9886-E4C95AEE6FCF}.Debug|x86.ActiveCfg = Debug|Any CPU
		{F81C6D35-A419-403A-9886-E4C95AEE6FCF}.Debug|x86.Build.0 = Debug|Any CPU
		{F81C6D35-A419-403A-9886-E4C95AEE6FCF}.Release|Any CPU.ActiveCfg = Release|Any CPU
		{F81C6D35-A419-403A-9886-E4C95AEE6FCF}.Release|Any CPU.Build.0 = Release|Any CPU
		{F81C6D35-A419-403A-9886-E4C95AEE6FCF}.Release|x64.ActiveCfg = Release|Any CPU
		{F81C6D35-A419-403A-9886-E4C95AEE6FCF}.Release|x64.Build.0 = Release|Any CPU
		{F81C6D35-A419-403A-9886-E4C95AEE6FCF}.Release|x86.ActiveCfg = Release|Any CPU
		{F81C6D35-A419-403A-9886-E4C95AEE6FCF}.Release|x86.Build.0 = Release|Any CPU
		{E73DC2EB-5F0E-429A-9908-B4B3F1966CBF}.Debug|Any CPU.ActiveCfg = Debug|Any CPU
		{E73DC2EB-5F0E-429A-9908-B4B3F1966CBF}.Debug|Any CPU.Build.0 = Debug|Any CPU
		{E73DC2EB-5F0E-429A-9908-B4B3F1966CBF}.Debug|x64.ActiveCfg = Debug|Any CPU
		{E73DC2EB-5F0E-429A-9908-B4B3F1966CBF}.Debug|x64.Build.0 = Debug|Any CPU
		{E73DC2EB-5F0E-429A-9908-B4B3F1966CBF}.Debug|x86.ActiveCfg = Debug|Any CPU
		{E73DC2EB-5F0E-429A-9908-B4B3F1966CBF}.Debug|x86.Build.0 = Debug|Any CPU
		{E73DC2EB-5F0E-429A-9908-B4B3F1966CBF}.Release|Any CPU.ActiveCfg = Release|Any CPU
		{E73DC2EB-5F0E-429A-9908-B4B3F1966CBF}.Release|Any CPU.Build.0 = Release|Any CPU
		{E73DC2EB-5F0E-429A-9908-B4B3F1966CBF}.Release|x64.ActiveCfg = Release|Any CPU
		{E73DC2EB-5F0E-429A-9908-B4B3F1966CBF}.Release|x64.Build.0 = Release|Any CPU
		{E73DC2EB-5F0E-429A-9908-B4B3F1966CBF}.Release|x86.ActiveCfg = Release|Any CPU
		{E73DC2EB-5F0E-429A-9908-B4B3F1966CBF}.Release|x86.Build.0 = Release|Any CPU
		{AD8E631B-52C6-4188-9623-061FFCD73A5A}.Debug|Any CPU.ActiveCfg = Debug|Any CPU
		{AD8E631B-52C6-4188-9623-061FFCD73A5A}.Debug|Any CPU.Build.0 = Debug|Any CPU
		{AD8E631B-52C6-4188-9623-061FFCD73A5A}.Debug|x64.ActiveCfg = Debug|Any CPU
		{AD8E631B-52C6-4188-9623-061FFCD73A5A}.Debug|x64.Build.0 = Debug|Any CPU
		{AD8E631B-52C6-4188-9623-061FFCD73A5A}.Debug|x86.ActiveCfg = Debug|Any CPU
		{AD8E631B-52C6-4188-9623-061FFCD73A5A}.Debug|x86.Build.0 = Debug|Any CPU
		{AD8E631B-52C6-4188-9623-061FFCD73A5A}.Release|Any CPU.ActiveCfg = Release|Any CPU
		{AD8E631B-52C6-4188-9623-061FFCD73A5A}.Release|Any CPU.Build.0 = Release|Any CPU
		{AD8E631B-52C6-4188-9623-061FFCD73A5A}.Release|x64.ActiveCfg = Release|Any CPU
		{AD8E631B-52C6-4188-9623-061FFCD73A5A}.Release|x64.Build.0 = Release|Any CPU
		{AD8E631B-52C6-4188-9623-061FFCD73A5A}.Release|x86.ActiveCfg = Release|Any CPU
		{AD8E631B-52C6-4188-9623-061FFCD73A5A}.Release|x86.Build.0 = Release|Any CPU
		{A0CF64D3-1F2D-44B0-9EBE-E4C937E80754}.Debug|Any CPU.ActiveCfg = Debug|Any CPU
		{A0CF64D3-1F2D-44B0-9EBE-E4C937E80754}.Debug|Any CPU.Build.0 = Debug|Any CPU
		{A0CF64D3-1F2D-44B0-9EBE-E4C937E80754}.Debug|x64.ActiveCfg = Debug|Any CPU
		{A0CF64D3-1F2D-44B0-9EBE-E4C937E80754}.Debug|x64.Build.0 = Debug|Any CPU
		{A0CF64D3-1F2D-44B0-9EBE-E4C937E80754}.Debug|x86.ActiveCfg = Debug|Any CPU
		{A0CF64D3-1F2D-44B0-9EBE-E4C937E80754}.Debug|x86.Build.0 = Debug|Any CPU
		{A0CF64D3-1F2D-44B0-9EBE-E4C937E80754}.Release|Any CPU.ActiveCfg = Release|Any CPU
		{A0CF64D3-1F2D-44B0-9EBE-E4C937E80754}.Release|Any CPU.Build.0 = Release|Any CPU
		{A0CF64D3-1F2D-44B0-9EBE-E4C937E80754}.Release|x64.ActiveCfg = Release|Any CPU
		{A0CF64D3-1F2D-44B0-9EBE-E4C937E80754}.Release|x64.Build.0 = Release|Any CPU
		{A0CF64D3-1F2D-44B0-9EBE-E4C937E80754}.Release|x86.ActiveCfg = Release|Any CPU
		{A0CF64D3-1F2D-44B0-9EBE-E4C937E80754}.Release|x86.Build.0 = Release|Any CPU
		{8FBE9D1C-2AE0-41F6-9B21-E1980FB08661}.Debug|Any CPU.ActiveCfg = Debug|Any CPU
		{8FBE9D1C-2AE0-41F6-9B21-E1980FB08661}.Debug|Any CPU.Build.0 = Debug|Any CPU
		{8FBE9D1C-2AE0-41F6-9B21-E1980FB08661}.Debug|x64.ActiveCfg = Debug|Any CPU
		{8FBE9D1C-2AE0-41F6-9B21-E1980FB08661}.Debug|x64.Build.0 = Debug|Any CPU
		{8FBE9D1C-2AE0-41F6-9B21-E1980FB08661}.Debug|x86.ActiveCfg = Debug|Any CPU
		{8FBE9D1C-2AE0-41F6-9B21-E1980FB08661}.Debug|x86.Build.0 = Debug|Any CPU
		{8FBE9D1C-2AE0-41F6-9B21-E1980FB08661}.Release|Any CPU.ActiveCfg = Release|Any CPU
		{8FBE9D1C-2AE0-41F6-9B21-E1980FB08661}.Release|Any CPU.Build.0 = Release|Any CPU
		{8FBE9D1C-2AE0-41F6-9B21-E1980FB08661}.Release|x64.ActiveCfg = Release|Any CPU
		{8FBE9D1C-2AE0-41F6-9B21-E1980FB08661}.Release|x64.Build.0 = Release|Any CPU
		{8FBE9D1C-2AE0-41F6-9B21-E1980FB08661}.Release|x86.ActiveCfg = Release|Any CPU
		{8FBE9D1C-2AE0-41F6-9B21-E1980FB08661}.Release|x86.Build.0 = Release|Any CPU
		{6D235106-5737-46E7-95C8-936FD5BAF270}.Debug|Any CPU.ActiveCfg = Debug|Any CPU
		{6D235106-5737-46E7-95C8-936FD5BAF270}.Debug|Any CPU.Build.0 = Debug|Any CPU
		{6D235106-5737-46E7-95C8-936FD5BAF270}.Debug|x64.ActiveCfg = Debug|Any CPU
		{6D235106-5737-46E7-95C8-936FD5BAF270}.Debug|x64.Build.0 = Debug|Any CPU
		{6D235106-5737-46E7-95C8-936FD5BAF270}.Debug|x86.ActiveCfg = Debug|Any CPU
		{6D235106-5737-46E7-95C8-936FD5BAF270}.Debug|x86.Build.0 = Debug|Any CPU
		{6D235106-5737-46E7-95C8-936FD5BAF270}.Release|Any CPU.ActiveCfg = Release|Any CPU
		{6D235106-5737-46E7-95C8-936FD5BAF270}.Release|Any CPU.Build.0 = Release|Any CPU
		{6D235106-5737-46E7-95C8-936FD5BAF270}.Release|x64.ActiveCfg = Release|Any CPU
		{6D235106-5737-46E7-95C8-936FD5BAF270}.Release|x64.Build.0 = Release|Any CPU
		{6D235106-5737-46E7-95C8-936FD5BAF270}.Release|x86.ActiveCfg = Release|Any CPU
		{6D235106-5737-46E7-95C8-936FD5BAF270}.Release|x86.Build.0 = Release|Any CPU
		{B3AEEFA5-F4E1-4164-9BAC-60085F9704CC}.Debug|Any CPU.ActiveCfg = Debug|Any CPU
		{B3AEEFA5-F4E1-4164-9BAC-60085F9704CC}.Debug|Any CPU.Build.0 = Debug|Any CPU
		{B3AEEFA5-F4E1-4164-9BAC-60085F9704CC}.Debug|x64.ActiveCfg = Debug|Any CPU
		{B3AEEFA5-F4E1-4164-9BAC-60085F9704CC}.Debug|x64.Build.0 = Debug|Any CPU
		{B3AEEFA5-F4E1-4164-9BAC-60085F9704CC}.Debug|x86.ActiveCfg = Debug|Any CPU
		{B3AEEFA5-F4E1-4164-9BAC-60085F9704CC}.Debug|x86.Build.0 = Debug|Any CPU
		{B3AEEFA5-F4E1-4164-9BAC-60085F9704CC}.Release|Any CPU.ActiveCfg = Release|Any CPU
		{B3AEEFA5-F4E1-4164-9BAC-60085F9704CC}.Release|Any CPU.Build.0 = Release|Any CPU
		{B3AEEFA5-F4E1-4164-9BAC-60085F9704CC}.Release|x64.ActiveCfg = Release|Any CPU
		{B3AEEFA5-F4E1-4164-9BAC-60085F9704CC}.Release|x64.Build.0 = Release|Any CPU
		{B3AEEFA5-F4E1-4164-9BAC-60085F9704CC}.Release|x86.ActiveCfg = Release|Any CPU
		{B3AEEFA5-F4E1-4164-9BAC-60085F9704CC}.Release|x86.Build.0 = Release|Any CPU
		{439A9271-71D2-407F-8E12-4940BC0A12C9}.Debug|Any CPU.ActiveCfg = Debug|Any CPU
		{439A9271-71D2-407F-8E12-4940BC0A12C9}.Debug|Any CPU.Build.0 = Debug|Any CPU
		{439A9271-71D2-407F-8E12-4940BC0A12C9}.Debug|x64.ActiveCfg = Debug|Any CPU
		{439A9271-71D2-407F-8E12-4940BC0A12C9}.Debug|x64.Build.0 = Debug|Any CPU
		{439A9271-71D2-407F-8E12-4940BC0A12C9}.Debug|x86.ActiveCfg = Debug|Any CPU
		{439A9271-71D2-407F-8E12-4940BC0A12C9}.Debug|x86.Build.0 = Debug|Any CPU
		{439A9271-71D2-407F-8E12-4940BC0A12C9}.Release|Any CPU.ActiveCfg = Release|Any CPU
		{439A9271-71D2-407F-8E12-4940BC0A12C9}.Release|Any CPU.Build.0 = Release|Any CPU
		{439A9271-71D2-407F-8E12-4940BC0A12C9}.Release|x64.ActiveCfg = Release|Any CPU
		{439A9271-71D2-407F-8E12-4940BC0A12C9}.Release|x64.Build.0 = Release|Any CPU
		{439A9271-71D2-407F-8E12-4940BC0A12C9}.Release|x86.ActiveCfg = Release|Any CPU
		{439A9271-71D2-407F-8E12-4940BC0A12C9}.Release|x86.Build.0 = Release|Any CPU
		{E5457903-10B5-434B-B6AA-93AB0BBE0BC2}.Debug|Any CPU.ActiveCfg = Debug|Any CPU
		{E5457903-10B5-434B-B6AA-93AB0BBE0BC2}.Debug|Any CPU.Build.0 = Debug|Any CPU
		{E5457903-10B5-434B-B6AA-93AB0BBE0BC2}.Debug|x64.ActiveCfg = Debug|Any CPU
		{E5457903-10B5-434B-B6AA-93AB0BBE0BC2}.Debug|x64.Build.0 = Debug|Any CPU
		{E5457903-10B5-434B-B6AA-93AB0BBE0BC2}.Debug|x86.ActiveCfg = Debug|Any CPU
		{E5457903-10B5-434B-B6AA-93AB0BBE0BC2}.Debug|x86.Build.0 = Debug|Any CPU
		{E5457903-10B5-434B-B6AA-93AB0BBE0BC2}.Release|Any CPU.ActiveCfg = Release|Any CPU
		{E5457903-10B5-434B-B6AA-93AB0BBE0BC2}.Release|Any CPU.Build.0 = Release|Any CPU
		{E5457903-10B5-434B-B6AA-93AB0BBE0BC2}.Release|x64.ActiveCfg = Release|Any CPU
		{E5457903-10B5-434B-B6AA-93AB0BBE0BC2}.Release|x64.Build.0 = Release|Any CPU
		{E5457903-10B5-434B-B6AA-93AB0BBE0BC2}.Release|x86.ActiveCfg = Release|Any CPU
		{E5457903-10B5-434B-B6AA-93AB0BBE0BC2}.Release|x86.Build.0 = Release|Any CPU
		{5507B5B7-3B99-4FB7-A1EF-ED16954A403B}.Debug|Any CPU.ActiveCfg = Debug|Any CPU
		{5507B5B7-3B99-4FB7-A1EF-ED16954A403B}.Debug|Any CPU.Build.0 = Debug|Any CPU
		{5507B5B7-3B99-4FB7-A1EF-ED16954A403B}.Debug|x64.ActiveCfg = Debug|Any CPU
		{5507B5B7-3B99-4FB7-A1EF-ED16954A403B}.Debug|x64.Build.0 = Debug|Any CPU
		{5507B5B7-3B99-4FB7-A1EF-ED16954A403B}.Debug|x86.ActiveCfg = Debug|Any CPU
		{5507B5B7-3B99-4FB7-A1EF-ED16954A403B}.Debug|x86.Build.0 = Debug|Any CPU
		{5507B5B7-3B99-4FB7-A1EF-ED16954A403B}.Release|Any CPU.ActiveCfg = Release|Any CPU
		{5507B5B7-3B99-4FB7-A1EF-ED16954A403B}.Release|Any CPU.Build.0 = Release|Any CPU
		{5507B5B7-3B99-4FB7-A1EF-ED16954A403B}.Release|x64.ActiveCfg = Release|Any CPU
		{5507B5B7-3B99-4FB7-A1EF-ED16954A403B}.Release|x64.Build.0 = Release|Any CPU
		{5507B5B7-3B99-4FB7-A1EF-ED16954A403B}.Release|x86.ActiveCfg = Release|Any CPU
		{5507B5B7-3B99-4FB7-A1EF-ED16954A403B}.Release|x86.Build.0 = Release|Any CPU
	EndGlobalSection
	GlobalSection(SolutionProperties) = preSolution
		HideSolutionNode = FALSE
	EndGlobalSection
	GlobalSection(NestedProjects) = preSolution
		{E76FF982-84CF-430C-8427-EDAD5E51B287} = {827E0CD3-B72D-47B6-A68D-7590B98EB39B}
		{53570982-CD93-4FD2-86C5-0130018D341E} = {827E0CD3-B72D-47B6-A68D-7590B98EB39B}
		{7F7D7F2D-8E18-4A2B-9D11-0F874A0C3E3B} = {AF6CF7F7-5512-4BB4-AF42-7A2F31A95138}
		{1A2AA94A-DAA0-4ABF-9B75-5E7C9959C6D1} = {AF6CF7F7-5512-4BB4-AF42-7A2F31A95138}
		{DBE252AB-8405-1AF9-5852-C019C22B8525} = {5D20AA90-6969-D8BD-9DCD-8634F4692FDA}
		{9AC79DEE-8DE7-4BEE-A3E1-334205BFB007} = {DBE252AB-8405-1AF9-5852-C019C22B8525}
		{C685F0E8-4CDA-4F95-9DE3-BF823F2275CA} = {DBE252AB-8405-1AF9-5852-C019C22B8525}
		{D6A54A12-692F-2F88-BFDC-4A00FEA325E1} = {5D20AA90-6969-D8BD-9DCD-8634F4692FDA}
		{6CB9CAC2-DBB5-406F-992D-F2E3721FB834} = {D6A54A12-692F-2F88-BFDC-4A00FEA325E1}
		{41056C30-C002-44E2-8F92-38F84A31425E} = {D6A54A12-692F-2F88-BFDC-4A00FEA325E1}
		{5D6F1CC8-FA4E-652B-FEE4-385B31D084F9} = {5D20AA90-6969-D8BD-9DCD-8634F4692FDA}
		{E5A9BF87-7ABA-419B-8EDF-B1231139C2AB} = {5D6F1CC8-FA4E-652B-FEE4-385B31D084F9}
		{428B394B-116A-4E4F-897A-56DEC243D3F9} = {5D6F1CC8-FA4E-652B-FEE4-385B31D084F9}
		{31BD24BA-2BEF-A4AF-7E20-224CF6F70C3F} = {5D20AA90-6969-D8BD-9DCD-8634F4692FDA}
		{0543AC55-6C8A-46A2-9E86-D3080580AD96} = {31BD24BA-2BEF-A4AF-7E20-224CF6F70C3F}
		{7D5568A6-5DAB-49F9-A831-C8858DAC847B} = {31BD24BA-2BEF-A4AF-7E20-224CF6F70C3F}
		{DF1474B4-EA87-25A3-1FB9-BD0323AD3B3D} = {5D20AA90-6969-D8BD-9DCD-8634F4692FDA}
		{82EECD5D-C4B5-485F-9E98-21F02297C14A} = {DF1474B4-EA87-25A3-1FB9-BD0323AD3B3D}
		{DC935E36-6995-7351-EE03-ACC95D0CA73C} = {5D20AA90-6969-D8BD-9DCD-8634F4692FDA}
		{69FDD64F-E9A9-4183-9B17-C3A55B379012} = {DC935E36-6995-7351-EE03-ACC95D0CA73C}
		{3AE5ED3E-F63E-4202-B070-3F03FD134A19} = {DC935E36-6995-7351-EE03-ACC95D0CA73C}
		{D06015CA-F824-53CD-5EED-20644460A8DB} = {5D20AA90-6969-D8BD-9DCD-8634F4692FDA}
		{0CFEEBEA-01F3-4FBF-87FE-3A2097E71D58} = {D06015CA-F824-53CD-5EED-20644460A8DB}
		{B0DDEE44-B130-4D16-93E6-A7864E44CC97} = {D06015CA-F824-53CD-5EED-20644460A8DB}
		{D41B2DC3-DC1E-4B9E-87C6-976660901583} = {D06015CA-F824-53CD-5EED-20644460A8DB}
		{67F70A1A-7BE0-279C-3BF0-98458807E75F} = {5D20AA90-6969-D8BD-9DCD-8634F4692FDA}
		{B96FBC3B-6AAA-4CB0-9505-42976E700C62} = {67F70A1A-7BE0-279C-3BF0-98458807E75F}
		{B22CEC27-D06E-4785-8DB3-7FAFD22E35F7} = {67F70A1A-7BE0-279C-3BF0-98458807E75F}
		{F81C6D35-A419-403A-9886-E4C95AEE6FCF} = {67F70A1A-7BE0-279C-3BF0-98458807E75F}
		{E73DC2EB-5F0E-429A-9908-B4B3F1966CBF} = {67F70A1A-7BE0-279C-3BF0-98458807E75F}
		{B1ED3F11-1108-82E9-C1A7-1BD4300C9CEB} = {5D20AA90-6969-D8BD-9DCD-8634F4692FDA}
		{AD8E631B-52C6-4188-9623-061FFCD73A5A} = {B1ED3F11-1108-82E9-C1A7-1BD4300C9CEB}
		{A0CF64D3-1F2D-44B0-9EBE-E4C937E80754} = {B1ED3F11-1108-82E9-C1A7-1BD4300C9CEB}
		{8FBE9D1C-2AE0-41F6-9B21-E1980FB08661} = {B1ED3F11-1108-82E9-C1A7-1BD4300C9CEB}
		{6D235106-5737-46E7-95C8-936FD5BAF270} = {B1ED3F11-1108-82E9-C1A7-1BD4300C9CEB}
		{B8795330-8A54-2F11-8E68-7548991D8C13} = {5D20AA90-6969-D8BD-9DCD-8634F4692FDA}
		{B3AEEFA5-F4E1-4164-9BAC-60085F9704CC} = {B8795330-8A54-2F11-8E68-7548991D8C13}
		{439A9271-71D2-407F-8E12-4940BC0A12C9} = {B8795330-8A54-2F11-8E68-7548991D8C13}
		{E5457903-10B5-434B-B6AA-93AB0BBE0BC2} = {B8795330-8A54-2F11-8E68-7548991D8C13}
		{5507B5B7-3B99-4FB7-A1EF-ED16954A403B} = {808186BE-9BD0-DD1D-D574-36EEAD1E7F8F}
	EndGlobalSection
EndGlobal
